
Microsoft Visual Studio Solution File, Format Version 12.00
Project("{FAE04EC0-301F-11D3-BF4B-00C04F79EFBC}") = "WebsitePerformanceEvaluator.Console", "WebsitePerformanceEvaluator.Console\WebsitePerformanceEvaluator.Console.csproj", "{0981E4D7-85E2-468B-B864-202C86EDB946}"
EndProject
Project("{FAE04EC0-301F-11D3-BF4B-00C04F79EFBC}") = "WebsitePerformanceEvaluator.Core", "WebsitePerformanceEvaluator.Core\WebsitePerformanceEvaluator.Core.csproj", "{80A1C8E3-DC43-452B-9FF2-34DF8EF319E1}"
EndProject
Project("{FAE04EC0-301F-11D3-BF4B-00C04F79EFBC}") = "WebsitePerformanceEvaluator.Core.Tests", "WebsitePerformanceEvaluator.Core.Tests\WebsitePerformanceEvaluator.Core.Tests.csproj", "{612A3B69-4872-4A83-8C0A-46B382BC1136}"
EndProject
Project("{FAE04EC0-301F-11D3-BF4B-00C04F79EFBC}") = "WebsitePerformanceEvaluator.Console.Tests", "WebsitePerformanceEvaluator.Console.Tests\WebsitePerformanceEvaluator.Console.Tests.csproj", "{61C299E2-212E-421A-8604-9CE4FA4743BB}"
EndProject
Project("{FAE04EC0-301F-11D3-BF4B-00C04F79EFBC}") = "WebsitePerformanceEvaluator.Data", "WebsitePerformanceEvaluator.Data\WebsitePerformanceEvaluator.Data.csproj", "{98EB0FE6-DDBD-45A1-95AE-129FBF0DA005}"
EndProject
Project("{FAE04EC0-301F-11D3-BF4B-00C04F79EFBC}") = "WebsitePerformanceEvaluator.MVC", "WebsitePerformanceEvaluator.MVC\WebsitePerformanceEvaluator.MVC.csproj", "{492617A0-84C7-44ED-A1C6-45EF335694BB}"
EndProject
Project("{FAE04EC0-301F-11D3-BF4B-00C04F79EFBC}") = "WebsitePerformanceEvaluator.API", "WebsitePerformanceEvaluator.API\WebsitePerformanceEvaluator.API.csproj", "{6F51330C-CBFA-4A79-B85E-1B677F08C350}"
EndProject
Project("{FAE04EC0-301F-11D3-BF4B-00C04F79EFBC}") = "WebsitePerformanceEvaluator.Domain", "WebsitePerformanceEvaluator.Domain\WebsitePerformanceEvaluator.Domain.csproj", "{CFA409EB-CEA7-4E34-93BB-0A0F055DBD68}"
EndProject
Project("{FAE04EC0-301F-11D3-BF4B-00C04F79EFBC}") = "WebsitePerformanceEvaluator.InfrastructureIoC", "WebsitePerformanceEvaluator.InfrastructureIoC\WebsitePerformanceEvaluator.InfrastructureIoC.csproj", "{2A7445BD-370A-43CC-8EB4-EACA5B62868F}"
EndProject
Global
	GlobalSection(SolutionConfigurationPlatforms) = preSolution
		Debug|Any CPU = Debug|Any CPU
		Release|Any CPU = Release|Any CPU
	EndGlobalSection
	GlobalSection(ProjectConfigurationPlatforms) = postSolution
		{0981E4D7-85E2-468B-B864-202C86EDB946}.Debug|Any CPU.ActiveCfg = Debug|Any CPU
		{0981E4D7-85E2-468B-B864-202C86EDB946}.Debug|Any CPU.Build.0 = Debug|Any CPU
		{0981E4D7-85E2-468B-B864-202C86EDB946}.Release|Any CPU.ActiveCfg = Release|Any CPU
		{0981E4D7-85E2-468B-B864-202C86EDB946}.Release|Any CPU.Build.0 = Release|Any CPU
		{80A1C8E3-DC43-452B-9FF2-34DF8EF319E1}.Debug|Any CPU.ActiveCfg = Debug|Any CPU
		{80A1C8E3-DC43-452B-9FF2-34DF8EF319E1}.Debug|Any CPU.Build.0 = Debug|Any CPU
		{80A1C8E3-DC43-452B-9FF2-34DF8EF319E1}.Release|Any CPU.ActiveCfg = Release|Any CPU
		{80A1C8E3-DC43-452B-9FF2-34DF8EF319E1}.Release|Any CPU.Build.0 = Release|Any CPU
		{612A3B69-4872-4A83-8C0A-46B382BC1136}.Debug|Any CPU.ActiveCfg = Debug|Any CPU
		{612A3B69-4872-4A83-8C0A-46B382BC1136}.Debug|Any CPU.Build.0 = Debug|Any CPU
		{612A3B69-4872-4A83-8C0A-46B382BC1136}.Release|Any CPU.ActiveCfg = Release|Any CPU
		{612A3B69-4872-4A83-8C0A-46B382BC1136}.Release|Any CPU.Build.0 = Release|Any CPU
		{61C299E2-212E-421A-8604-9CE4FA4743BB}.Debug|Any CPU.ActiveCfg = Debug|Any CPU
		{61C299E2-212E-421A-8604-9CE4FA4743BB}.Debug|Any CPU.Build.0 = Debug|Any CPU
		{61C299E2-212E-421A-8604-9CE4FA4743BB}.Release|Any CPU.ActiveCfg = Release|Any CPU
		{61C299E2-212E-421A-8604-9CE4FA4743BB}.Release|Any CPU.Build.0 = Release|Any CPU
		{98EB0FE6-DDBD-45A1-95AE-129FBF0DA005}.Debug|Any CPU.ActiveCfg = Debug|Any CPU
		{98EB0FE6-DDBD-45A1-95AE-129FBF0DA005}.Debug|Any CPU.Build.0 = Debug|Any CPU
		{98EB0FE6-DDBD-45A1-95AE-129FBF0DA005}.Release|Any CPU.ActiveCfg = Release|Any CPU
		{98EB0FE6-DDBD-45A1-95AE-129FBF0DA005}.Release|Any CPU.Build.0 = Release|Any CPU
		{492617A0-84C7-44ED-A1C6-45EF335694BB}.Debug|Any CPU.ActiveCfg = Debug|Any CPU
		{492617A0-84C7-44ED-A1C6-45EF335694BB}.Debug|Any CPU.Build.0 = Debug|Any CPU
		{492617A0-84C7-44ED-A1C6-45EF335694BB}.Release|Any CPU.ActiveCfg = Release|Any CPU
		{492617A0-84C7-44ED-A1C6-45EF335694BB}.Release|Any CPU.Build.0 = Release|Any CPU
		{6F51330C-CBFA-4A79-B85E-1B677F08C350}.Debug|Any CPU.ActiveCfg = Debug|Any CPU
		{6F51330C-CBFA-4A79-B85E-1B677F08C350}.Debug|Any CPU.Build.0 = Debug|Any CPU
		{6F51330C-CBFA-4A79-B85E-1B677F08C350}.Release|Any CPU.ActiveCfg = Release|Any CPU
		{6F51330C-CBFA-4A79-B85E-1B677F08C350}.Release|Any CPU.Build.0 = Release|Any CPU
		{CFA409EB-CEA7-4E34-93BB-0A0F055DBD68}.Debug|Any CPU.ActiveCfg = Debug|Any CPU
		{CFA409EB-CEA7-4E34-93BB-0A0F055DBD68}.Debug|Any CPU.Build.0 = Debug|Any CPU
		{CFA409EB-CEA7-4E34-93BB-0A0F055DBD68}.Release|Any CPU.ActiveCfg = Release|Any CPU
		{CFA409EB-CEA7-4E34-93BB-0A0F055DBD68}.Release|Any CPU.Build.0 = Release|Any CPU
		{2A7445BD-370A-43CC-8EB4-EACA5B62868F}.Debug|Any CPU.ActiveCfg = Debug|Any CPU
		{2A7445BD-370A-43CC-8EB4-EACA5B62868F}.Debug|Any CPU.Build.0 = Debug|Any CPU
		{2A7445BD-370A-43CC-8EB4-EACA5B62868F}.Release|Any CPU.ActiveCfg = Release|Any CPU
		{2A7445BD-370A-43CC-8EB4-EACA5B62868F}.Release|Any CPU.Build.0 = Release|Any CPU
	EndGlobalSection
EndGlobal
